
Microsoft Visual Studio Solution File, Format Version 12.00
# Visual Studio Version 17
VisualStudioVersion = 17.14.36623.8 d17.14
MinimumVisualStudioVersion = 10.0.40219.1
Project("{FAE04EC0-301F-11D3-BF4B-00C04F79EFBC}") = "CpuPowerTray", "CpuPowerTray.csproj", "{CFAF0AC3-45DB-4CC8-9965-534536AE0154}"
EndProject
Global
	GlobalSection(SolutionConfigurationPlatforms) = preSolution
		Debug|Any CPU = Debug|Any CPU
		Release|Any CPU = Release|Any CPU
	EndGlobalSection
	GlobalSection(ProjectConfigurationPlatforms) = postSolution
		{CFAF0AC3-45DB-4CC8-9965-534536AE0154}.Debug|Any CPU.ActiveCfg = Debug|Any CPU
		{CFAF0AC3-45DB-4CC8-9965-534536AE0154}.Debug|Any CPU.Build.0 = Debug|Any CPU
		{CFAF0AC3-45DB-4CC8-9965-534536AE0154}.Release|Any CPU.ActiveCfg = Release|Any CPU
		{CFAF0AC3-45DB-4CC8-9965-534536AE0154}.Release|Any CPU.Build.0 = Release|Any CPU
	EndGlobalSection
	GlobalSection(SolutionProperties) = preSolution
		HideSolutionNode = FALSE
	EndGlobalSection
	GlobalSection(ExtensibilityGlobals) = postSolution
		SolutionGuid = {E45AA611-8C18-47F3-8F87-3FC441E97B90}
	EndGlobalSection
EndGlobal
